
Microsoft Visual Studio Solution File, Format Version 12.00
# Visual Studio Version 16
VisualStudioVersion = 16.0.31129.286
MinimumVisualStudioVersion = 10.0.40219.1
Project("{8BC9CEB8-8B4A-11D0-8D11-00A0C91BC942}") = "Inline_hook", "Hook\Hook.vcxproj", "{AC9181EB-A979-44AD-81A2-5F896A4214FC}"
EndProject
Project("{8BC9CEB8-8B4A-11D0-8D11-00A0C91BC942}") = "IAT_hook", "IAT_hook\IAT_hook.vcxproj", "{78F80E45-A62A-4698-A6A8-640C53C97EA9}"
EndProject
Project("{8BC9CEB8-8B4A-11D0-8D11-00A0C91BC942}") = "EAT_hook", "EAT_hook\EAT_hook.vcxproj", "{D6058247-E88A-41D5-B6FA-5D87D5586B58}"
EndProject
Project("{8BC9CEB8-8B4A-11D0-8D11-00A0C91BC942}") = "SSDT32_hook", "SSDT32_hook\SSDT32_hook.vcxproj", "{97213165-A60F-48BC-9DCC-D851440FB758}"
EndProject
Project("{8BC9CEB8-8B4A-11D0-8D11-00A0C91BC942}") = "SsdtHook", "SsdtHook\SsdtHook.vcxproj", "{D3A8992E-59F6-497B-A433-3C392F76A0B3}"
EndProject
Project("{8BC9CEB8-8B4A-11D0-8D11-00A0C91BC942}") = "VirtualTable_hook", "VirtualTable_hook\VirtualTable_hook.vcxproj", "{D9F6AF18-90CC-4818-B4C1-8A575783B0FC}"
EndProject
<<<<<<< HEAD
Project("{8BC9CEB8-8B4A-11D0-8D11-00A0C91BC942}") = "UserCallBack_hook", "UserCallBack_hook\UserCallBack_hook.vcxproj", "{B5C3E91E-E411-449D-A51B-F6443621F9E5}"
EndProject
=======
>>>>>>> 72d9fc6 (Virtual Hook)
Global
	GlobalSection(SolutionConfigurationPlatforms) = preSolution
		Debug|ARM = Debug|ARM
		Debug|ARM64 = Debug|ARM64
		Debug|x64 = Debug|x64
		Debug|x86 = Debug|x86
		Release|ARM = Release|ARM
		Release|ARM64 = Release|ARM64
		Release|x64 = Release|x64
		Release|x86 = Release|x86
	EndGlobalSection
	GlobalSection(ProjectConfigurationPlatforms) = postSolution
		{AC9181EB-A979-44AD-81A2-5F896A4214FC}.Debug|ARM.ActiveCfg = Debug|Win32
		{AC9181EB-A979-44AD-81A2-5F896A4214FC}.Debug|ARM64.ActiveCfg = Debug|Win32
		{AC9181EB-A979-44AD-81A2-5F896A4214FC}.Debug|x64.ActiveCfg = Debug|x64
		{AC9181EB-A979-44AD-81A2-5F896A4214FC}.Debug|x64.Build.0 = Debug|x64
		{AC9181EB-A979-44AD-81A2-5F896A4214FC}.Debug|x86.ActiveCfg = Debug|Win32
		{AC9181EB-A979-44AD-81A2-5F896A4214FC}.Debug|x86.Build.0 = Debug|Win32
		{AC9181EB-A979-44AD-81A2-5F896A4214FC}.Release|ARM.ActiveCfg = Release|Win32
		{AC9181EB-A979-44AD-81A2-5F896A4214FC}.Release|ARM64.ActiveCfg = Release|Win32
		{AC9181EB-A979-44AD-81A2-5F896A4214FC}.Release|x64.ActiveCfg = Release|x64
		{AC9181EB-A979-44AD-81A2-5F896A4214FC}.Release|x64.Build.0 = Release|x64
		{AC9181EB-A979-44AD-81A2-5F896A4214FC}.Release|x86.ActiveCfg = Release|Win32
		{AC9181EB-A979-44AD-81A2-5F896A4214FC}.Release|x86.Build.0 = Release|Win32
		{78F80E45-A62A-4698-A6A8-640C53C97EA9}.Debug|ARM.ActiveCfg = Debug|Win32
		{78F80E45-A62A-4698-A6A8-640C53C97EA9}.Debug|ARM64.ActiveCfg = Debug|Win32
		{78F80E45-A62A-4698-A6A8-640C53C97EA9}.Debug|x64.ActiveCfg = Debug|x64
		{78F80E45-A62A-4698-A6A8-640C53C97EA9}.Debug|x64.Build.0 = Debug|x64
		{78F80E45-A62A-4698-A6A8-640C53C97EA9}.Debug|x86.ActiveCfg = Debug|Win32
		{78F80E45-A62A-4698-A6A8-640C53C97EA9}.Debug|x86.Build.0 = Debug|Win32
		{78F80E45-A62A-4698-A6A8-640C53C97EA9}.Release|ARM.ActiveCfg = Release|Win32
		{78F80E45-A62A-4698-A6A8-640C53C97EA9}.Release|ARM64.ActiveCfg = Release|Win32
		{78F80E45-A62A-4698-A6A8-640C53C97EA9}.Release|x64.ActiveCfg = Release|x64
		{78F80E45-A62A-4698-A6A8-640C53C97EA9}.Release|x64.Build.0 = Release|x64
		{78F80E45-A62A-4698-A6A8-640C53C97EA9}.Release|x86.ActiveCfg = Release|Win32
		{78F80E45-A62A-4698-A6A8-640C53C97EA9}.Release|x86.Build.0 = Release|Win32
		{D6058247-E88A-41D5-B6FA-5D87D5586B58}.Debug|ARM.ActiveCfg = Debug|Win32
		{D6058247-E88A-41D5-B6FA-5D87D5586B58}.Debug|ARM64.ActiveCfg = Debug|Win32
		{D6058247-E88A-41D5-B6FA-5D87D5586B58}.Debug|x64.ActiveCfg = Debug|x64
		{D6058247-E88A-41D5-B6FA-5D87D5586B58}.Debug|x64.Build.0 = Debug|x64
		{D6058247-E88A-41D5-B6FA-5D87D5586B58}.Debug|x86.ActiveCfg = Debug|Win32
		{D6058247-E88A-41D5-B6FA-5D87D5586B58}.Debug|x86.Build.0 = Debug|Win32
		{D6058247-E88A-41D5-B6FA-5D87D5586B58}.Release|ARM.ActiveCfg = Release|Win32
		{D6058247-E88A-41D5-B6FA-5D87D5586B58}.Release|ARM64.ActiveCfg = Release|Win32
		{D6058247-E88A-41D5-B6FA-5D87D5586B58}.Release|x64.ActiveCfg = Release|x64
		{D6058247-E88A-41D5-B6FA-5D87D5586B58}.Release|x64.Build.0 = Release|x64
		{D6058247-E88A-41D5-B6FA-5D87D5586B58}.Release|x86.ActiveCfg = Release|Win32
		{D6058247-E88A-41D5-B6FA-5D87D5586B58}.Release|x86.Build.0 = Release|Win32
		{97213165-A60F-48BC-9DCC-D851440FB758}.Debug|ARM.ActiveCfg = Debug|ARM
		{97213165-A60F-48BC-9DCC-D851440FB758}.Debug|ARM.Build.0 = Debug|ARM
		{97213165-A60F-48BC-9DCC-D851440FB758}.Debug|ARM.Deploy.0 = Debug|ARM
		{97213165-A60F-48BC-9DCC-D851440FB758}.Debug|ARM64.ActiveCfg = Debug|ARM64
		{97213165-A60F-48BC-9DCC-D851440FB758}.Debug|ARM64.Build.0 = Debug|ARM64
		{97213165-A60F-48BC-9DCC-D851440FB758}.Debug|ARM64.Deploy.0 = Debug|ARM64
		{97213165-A60F-48BC-9DCC-D851440FB758}.Debug|x64.ActiveCfg = Debug|x64
		{97213165-A60F-48BC-9DCC-D851440FB758}.Debug|x64.Build.0 = Debug|x64
		{97213165-A60F-48BC-9DCC-D851440FB758}.Debug|x64.Deploy.0 = Debug|x64
		{97213165-A60F-48BC-9DCC-D851440FB758}.Debug|x86.ActiveCfg = Debug|Win32
		{97213165-A60F-48BC-9DCC-D851440FB758}.Debug|x86.Build.0 = Debug|Win32
		{97213165-A60F-48BC-9DCC-D851440FB758}.Debug|x86.Deploy.0 = Debug|Win32
		{97213165-A60F-48BC-9DCC-D851440FB758}.Release|ARM.ActiveCfg = Release|ARM
		{97213165-A60F-48BC-9DCC-D851440FB758}.Release|ARM.Build.0 = Release|ARM
		{97213165-A60F-48BC-9DCC-D851440FB758}.Release|ARM.Deploy.0 = Release|ARM
		{97213165-A60F-48BC-9DCC-D851440FB758}.Release|ARM64.ActiveCfg = Release|ARM64
		{97213165-A60F-48BC-9DCC-D851440FB758}.Release|ARM64.Build.0 = Release|ARM64
		{97213165-A60F-48BC-9DCC-D851440FB758}.Release|ARM64.Deploy.0 = Release|ARM64
		{97213165-A60F-48BC-9DCC-D851440FB758}.Release|x64.ActiveCfg = Release|x64
		{97213165-A60F-48BC-9DCC-D851440FB758}.Release|x64.Build.0 = Release|x64
		{97213165-A60F-48BC-9DCC-D851440FB758}.Release|x64.Deploy.0 = Release|x64
		{97213165-A60F-48BC-9DCC-D851440FB758}.Release|x86.ActiveCfg = Release|Win32
		{97213165-A60F-48BC-9DCC-D851440FB758}.Release|x86.Build.0 = Release|Win32
		{97213165-A60F-48BC-9DCC-D851440FB758}.Release|x86.Deploy.0 = Release|Win32
		{D3A8992E-59F6-497B-A433-3C392F76A0B3}.Debug|ARM.ActiveCfg = Debug|ARM
		{D3A8992E-59F6-497B-A433-3C392F76A0B3}.Debug|ARM.Build.0 = Debug|ARM
		{D3A8992E-59F6-497B-A433-3C392F76A0B3}.Debug|ARM.Deploy.0 = Debug|ARM
		{D3A8992E-59F6-497B-A433-3C392F76A0B3}.Debug|ARM64.ActiveCfg = Debug|ARM64
		{D3A8992E-59F6-497B-A433-3C392F76A0B3}.Debug|ARM64.Build.0 = Debug|ARM64
		{D3A8992E-59F6-497B-A433-3C392F76A0B3}.Debug|ARM64.Deploy.0 = Debug|ARM64
		{D3A8992E-59F6-497B-A433-3C392F76A0B3}.Debug|x64.ActiveCfg = Debug|x64
		{D3A8992E-59F6-497B-A433-3C392F76A0B3}.Debug|x64.Build.0 = Debug|x64
		{D3A8992E-59F6-497B-A433-3C392F76A0B3}.Debug|x64.Deploy.0 = Debug|x64
		{D3A8992E-59F6-497B-A433-3C392F76A0B3}.Debug|x86.ActiveCfg = Debug|Win32
		{D3A8992E-59F6-497B-A433-3C392F76A0B3}.Debug|x86.Build.0 = Debug|Win32
		{D3A8992E-59F6-497B-A433-3C392F76A0B3}.Debug|x86.Deploy.0 = Debug|Win32
		{D3A8992E-59F6-497B-A433-3C392F76A0B3}.Release|ARM.ActiveCfg = Release|ARM
		{D3A8992E-59F6-497B-A433-3C392F76A0B3}.Release|ARM.Build.0 = Release|ARM
		{D3A8992E-59F6-497B-A433-3C392F76A0B3}.Release|ARM.Deploy.0 = Release|ARM
		{D3A8992E-59F6-497B-A433-3C392F76A0B3}.Release|ARM64.ActiveCfg = Release|ARM64
		{D3A8992E-59F6-497B-A433-3C392F76A0B3}.Release|ARM64.Build.0 = Release|ARM64
		{D3A8992E-59F6-497B-A433-3C392F76A0B3}.Release|ARM64.Deploy.0 = Release|ARM64
		{D3A8992E-59F6-497B-A433-3C392F76A0B3}.Release|x64.ActiveCfg = Release|x64
		{D3A8992E-59F6-497B-A433-3C392F76A0B3}.Release|x64.Build.0 = Release|x64
		{D3A8992E-59F6-497B-A433-3C392F76A0B3}.Release|x64.Deploy.0 = Release|x64
		{D3A8992E-59F6-497B-A433-3C392F76A0B3}.Release|x86.ActiveCfg = Release|Win32
		{D3A8992E-59F6-497B-A433-3C392F76A0B3}.Release|x86.Build.0 = Release|Win32
		{D3A8992E-59F6-497B-A433-3C392F76A0B3}.Release|x86.Deploy.0 = Release|Win32
		{D9F6AF18-90CC-4818-B4C1-8A575783B0FC}.Debug|ARM.ActiveCfg = Debug|Win32
		{D9F6AF18-90CC-4818-B4C1-8A575783B0FC}.Debug|ARM64.ActiveCfg = Debug|Win32
		{D9F6AF18-90CC-4818-B4C1-8A575783B0FC}.Debug|x64.ActiveCfg = Debug|x64
		{D9F6AF18-90CC-4818-B4C1-8A575783B0FC}.Debug|x64.Build.0 = Debug|x64
		{D9F6AF18-90CC-4818-B4C1-8A575783B0FC}.Debug|x86.ActiveCfg = Debug|Win32
		{D9F6AF18-90CC-4818-B4C1-8A575783B0FC}.Debug|x86.Build.0 = Debug|Win32
		{D9F6AF18-90CC-4818-B4C1-8A575783B0FC}.Release|ARM.ActiveCfg = Release|Win32
		{D9F6AF18-90CC-4818-B4C1-8A575783B0FC}.Release|ARM64.ActiveCfg = Release|Win32
		{D9F6AF18-90CC-4818-B4C1-8A575783B0FC}.Release|x64.ActiveCfg = Release|x64
		{D9F6AF18-90CC-4818-B4C1-8A575783B0FC}.Release|x64.Build.0 = Release|x64
		{D9F6AF18-90CC-4818-B4C1-8A575783B0FC}.Release|x86.ActiveCfg = Release|Win32
		{D9F6AF18-90CC-4818-B4C1-8A575783B0FC}.Release|x86.Build.0 = Release|Win32
<<<<<<< HEAD
		{B5C3E91E-E411-449D-A51B-F6443621F9E5}.Debug|ARM.ActiveCfg = Debug|Win32
		{B5C3E91E-E411-449D-A51B-F6443621F9E5}.Debug|ARM64.ActiveCfg = Debug|Win32
		{B5C3E91E-E411-449D-A51B-F6443621F9E5}.Debug|x64.ActiveCfg = Debug|x64
		{B5C3E91E-E411-449D-A51B-F6443621F9E5}.Debug|x64.Build.0 = Debug|x64
		{B5C3E91E-E411-449D-A51B-F6443621F9E5}.Debug|x86.ActiveCfg = Debug|Win32
		{B5C3E91E-E411-449D-A51B-F6443621F9E5}.Debug|x86.Build.0 = Debug|Win32
		{B5C3E91E-E411-449D-A51B-F6443621F9E5}.Release|ARM.ActiveCfg = Release|Win32
		{B5C3E91E-E411-449D-A51B-F6443621F9E5}.Release|ARM64.ActiveCfg = Release|Win32
		{B5C3E91E-E411-449D-A51B-F6443621F9E5}.Release|x64.ActiveCfg = Release|x64
		{B5C3E91E-E411-449D-A51B-F6443621F9E5}.Release|x64.Build.0 = Release|x64
		{B5C3E91E-E411-449D-A51B-F6443621F9E5}.Release|x86.ActiveCfg = Release|Win32
		{B5C3E91E-E411-449D-A51B-F6443621F9E5}.Release|x86.Build.0 = Release|Win32
=======
>>>>>>> 72d9fc6 (Virtual Hook)
	EndGlobalSection
	GlobalSection(SolutionProperties) = preSolution
		HideSolutionNode = FALSE
	EndGlobalSection
	GlobalSection(ExtensibilityGlobals) = postSolution
		SolutionGuid = {F722A554-F366-4BBA-AD62-9260DC827D5F}
	EndGlobalSection
EndGlobal
